
Microsoft Visual Studio Solution File, Format Version 12.00
# Visual Studio Version 16
VisualStudioVersion = 16.0.30907.101
MinimumVisualStudioVersion = 10.0.40219.1
Project("{FAE04EC0-301F-11D3-BF4B-00C04F79EFBC}") = "ParkyAPI", "ParkyAPI\ParkyAPI.csproj", "{213241A4-61C0-4738-A3A3-D98454E81922}"
EndProject
Global
	GlobalSection(SolutionConfigurationPlatforms) = preSolution
		Debug|Any CPU = Debug|Any CPU
		Release|Any CPU = Release|Any CPU
	EndGlobalSection
	GlobalSection(ProjectConfigurationPlatforms) = postSolution
		{213241A4-61C0-4738-A3A3-D98454E81922}.Debug|Any CPU.ActiveCfg = Debug|Any CPU
		{213241A4-61C0-4738-A3A3-D98454E81922}.Debug|Any CPU.Build.0 = Debug|Any CPU
		{213241A4-61C0-4738-A3A3-D98454E81922}.Release|Any CPU.ActiveCfg = Release|Any CPU
		{213241A4-61C0-4738-A3A3-D98454E81922}.Release|Any CPU.Build.0 = Release|Any CPU
	EndGlobalSection
	GlobalSection(SolutionProperties) = preSolution
		HideSolutionNode = FALSE
	EndGlobalSection
	GlobalSection(ExtensibilityGlobals) = postSolution
		SolutionGuid = {14324F51-A661-4D84-9986-39887D8C0CC7}
	EndGlobalSection
EndGlobal
